
Microsoft Visual Studio Solution File, Format Version 12.00
# Visual Studio Version 16
VisualStudioVersion = 16.0.30204.135
MinimumVisualStudioVersion = 10.0.40219.1
Project("{FAE04EC0-301F-11D3-BF4B-00C04F79EFBC}") = "KPMGLoginForm", "KPMGLoginForm.csproj", "{CD633674-7DB9-49ED-AE16-CF8BD4655DD7}"
EndProject
Global
	GlobalSection(SolutionConfigurationPlatforms) = preSolution
		Debug|Any CPU = Debug|Any CPU
		Release|Any CPU = Release|Any CPU
	EndGlobalSection
	GlobalSection(ProjectConfigurationPlatforms) = postSolution
		{CD633674-7DB9-49ED-AE16-CF8BD4655DD7}.Debug|Any CPU.ActiveCfg = Debug|Any CPU
		{CD633674-7DB9-49ED-AE16-CF8BD4655DD7}.Debug|Any CPU.Build.0 = Debug|Any CPU
		{CD633674-7DB9-49ED-AE16-CF8BD4655DD7}.Release|Any CPU.ActiveCfg = Release|Any CPU
		{CD633674-7DB9-49ED-AE16-CF8BD4655DD7}.Release|Any CPU.Build.0 = Release|Any CPU
	EndGlobalSection
	GlobalSection(SolutionProperties) = preSolution
		HideSolutionNode = FALSE
	EndGlobalSection
	GlobalSection(ExtensibilityGlobals) = postSolution
		SolutionGuid = {C630E2BB-9D80-4B99-A5D6-A3BEEA065869}
	EndGlobalSection
EndGlobal
